
Microsoft Visual Studio Solution File, Format Version 12.00
# Visual Studio Version 16
VisualStudioVersion = 16.0.29009.5
MinimumVisualStudioVersion = 10.0.40219.1
Project("{9A19103F-16F7-4668-BE54-9A1E7A4F7556}") = "TaskAPI", "TaskAPI\TaskAPI.csproj", "{927A6CFD-07EF-4703-ABAA-B12F2BCFB21B}"
EndProject
Project("{9A19103F-16F7-4668-BE54-9A1E7A4F7556}") = "Models", "Models\Models.csproj", "{11BAD631-3401-4266-B639-05E61EA08290}"
EndProject
Project("{9A19103F-16F7-4668-BE54-9A1E7A4F7556}") = "DAL", "DAL\DAL.csproj", "{68F608A8-5873-4209-A34E-CD2111254ED4}"
EndProject
Project("{FAE04EC0-301F-11D3-BF4B-00C04F79EFBC}") = "Services", "Services\Services.csproj", "{BB57FBC4-6931-48BB-8DB3-2913777C8501}"
EndProject
Project("{FAE04EC0-301F-11D3-BF4B-00C04F79EFBC}") = "DTOs", "DTOs\DTOs.csproj", "{A4E57466-1254-400D-ABBE-9D8C2FD67543}"
EndProject
Project("{FAE04EC0-301F-11D3-BF4B-00C04F79EFBC}") = "Mappers", "Mappers\Mappers.csproj", "{F2477C25-D070-4A7E-9B5A-9800E07DC1C8}"
EndProject
Project("{FAE04EC0-301F-11D3-BF4B-00C04F79EFBC}") = "Logger", "Logger\Logger.csproj", "{4BE208B2-706F-4978-BA5E-704F9B303526}"
EndProject
Global
	GlobalSection(SolutionConfigurationPlatforms) = preSolution
		Debug|Any CPU = Debug|Any CPU
		Release|Any CPU = Release|Any CPU
	EndGlobalSection
	GlobalSection(ProjectConfigurationPlatforms) = postSolution
		{927A6CFD-07EF-4703-ABAA-B12F2BCFB21B}.Debug|Any CPU.ActiveCfg = Debug|Any CPU
		{927A6CFD-07EF-4703-ABAA-B12F2BCFB21B}.Debug|Any CPU.Build.0 = Debug|Any CPU
		{927A6CFD-07EF-4703-ABAA-B12F2BCFB21B}.Release|Any CPU.ActiveCfg = Release|Any CPU
		{927A6CFD-07EF-4703-ABAA-B12F2BCFB21B}.Release|Any CPU.Build.0 = Release|Any CPU
		{11BAD631-3401-4266-B639-05E61EA08290}.Debug|Any CPU.ActiveCfg = Debug|Any CPU
		{11BAD631-3401-4266-B639-05E61EA08290}.Debug|Any CPU.Build.0 = Debug|Any CPU
		{11BAD631-3401-4266-B639-05E61EA08290}.Release|Any CPU.ActiveCfg = Release|Any CPU
		{11BAD631-3401-4266-B639-05E61EA08290}.Release|Any CPU.Build.0 = Release|Any CPU
		{68F608A8-5873-4209-A34E-CD2111254ED4}.Debug|Any CPU.ActiveCfg = Debug|Any CPU
		{68F608A8-5873-4209-A34E-CD2111254ED4}.Debug|Any CPU.Build.0 = Debug|Any CPU
		{68F608A8-5873-4209-A34E-CD2111254ED4}.Release|Any CPU.ActiveCfg = Release|Any CPU
		{68F608A8-5873-4209-A34E-CD2111254ED4}.Release|Any CPU.Build.0 = Release|Any CPU
		{BB57FBC4-6931-48BB-8DB3-2913777C8501}.Debug|Any CPU.ActiveCfg = Debug|Any CPU
		{BB57FBC4-6931-48BB-8DB3-2913777C8501}.Debug|Any CPU.Build.0 = Debug|Any CPU
		{BB57FBC4-6931-48BB-8DB3-2913777C8501}.Release|Any CPU.ActiveCfg = Release|Any CPU
		{BB57FBC4-6931-48BB-8DB3-2913777C8501}.Release|Any CPU.Build.0 = Release|Any CPU
		{A4E57466-1254-400D-ABBE-9D8C2FD67543}.Debug|Any CPU.ActiveCfg = Debug|Any CPU
		{A4E57466-1254-400D-ABBE-9D8C2FD67543}.Debug|Any CPU.Build.0 = Debug|Any CPU
		{A4E57466-1254-400D-ABBE-9D8C2FD67543}.Release|Any CPU.ActiveCfg = Release|Any CPU
		{A4E57466-1254-400D-ABBE-9D8C2FD67543}.Release|Any CPU.Build.0 = Release|Any CPU
		{F2477C25-D070-4A7E-9B5A-9800E07DC1C8}.Debug|Any CPU.ActiveCfg = Debug|Any CPU
		{F2477C25-D070-4A7E-9B5A-9800E07DC1C8}.Debug|Any CPU.Build.0 = Debug|Any CPU
		{F2477C25-D070-4A7E-9B5A-9800E07DC1C8}.Release|Any CPU.ActiveCfg = Release|Any CPU
		{F2477C25-D070-4A7E-9B5A-9800E07DC1C8}.Release|Any CPU.Build.0 = Release|Any CPU
		{4BE208B2-706F-4978-BA5E-704F9B303526}.Debug|Any CPU.ActiveCfg = Debug|Any CPU
		{4BE208B2-706F-4978-BA5E-704F9B303526}.Debug|Any CPU.Build.0 = Debug|Any CPU
		{4BE208B2-706F-4978-BA5E-704F9B303526}.Release|Any CPU.ActiveCfg = Release|Any CPU
		{4BE208B2-706F-4978-BA5E-704F9B303526}.Release|Any CPU.Build.0 = Release|Any CPU
	EndGlobalSection
	GlobalSection(SolutionProperties) = preSolution
		HideSolutionNode = FALSE
	EndGlobalSection
	GlobalSection(ExtensibilityGlobals) = postSolution
		SolutionGuid = {1CA4CC03-2C78-477A-89CD-F614E5ECB23B}
	EndGlobalSection
EndGlobal
